// !$*UTF8*$!
{
	archiveVersion = 1;
	classes = {
	};
	objectVersion = 56;
	objects = {

/* Begin PBXBuildFile section */
		1F10A4C72A8D31FF00D7A007 /* VisitReportService.swift in Sources */ = {isa = PBXBuildFile; fileRef = 1F10A4C62A8D31FF00D7A007 /* VisitReportService.swift */; };
		1F10A4C92A8D341A00D7A007 /* UserService.swift in Sources */ = {isa = PBXBuildFile; fileRef = 1F10A4C82A8D341A00D7A007 /* UserService.swift */; };
		1F10A4CB2A8D38E500D7A007 /* ScheduleVisitViewModel.swift in Sources */ = {isa = PBXBuildFile; fileRef = 1F10A4CA2A8D38E500D7A007 /* ScheduleVisitViewModel.swift */; };
		1F10A4CD2A8D3E3200D7A007 /* CreateEstateViewModel.swift in Sources */ = {isa = PBXBuildFile; fileRef = 1F10A4CC2A8D3E3200D7A007 /* CreateEstateViewModel.swift */; };
		1F10A4CF2A8D3F4800D7A007 /* DeleteUserViewModel.swift in Sources */ = {isa = PBXBuildFile; fileRef = 1F10A4CE2A8D3F4800D7A007 /* DeleteUserViewModel.swift */; };
		1F10A4D12A8D4A0800D7A007 /* EstateService.swift in Sources */ = {isa = PBXBuildFile; fileRef = 1F10A4D02A8D4A0800D7A007 /* EstateService.swift */; };
		1F10A4D32A8D4A1400D7A007 /* VisitService.swift in Sources */ = {isa = PBXBuildFile; fileRef = 1F10A4D22A8D4A1400D7A007 /* VisitService.swift */; };
		1F10A4D52A8D4C0400D7A007 /* EstatesViewModel.swift in Sources */ = {isa = PBXBuildFile; fileRef = 1F10A4D42A8D4C0400D7A007 /* EstatesViewModel.swift */; };
		1F10A4DC2A8D56AB00D7A007 /* VisitReportsViewModel.swift in Sources */ = {isa = PBXBuildFile; fileRef = 1F10A4DB2A8D56AB00D7A007 /* VisitReportsViewModel.swift */; };
		1F1DD2162A840B2900A44925 /* CustomSecureField.swift in Sources */ = {isa = PBXBuildFile; fileRef = 1F1DD2152A840B2900A44925 /* CustomSecureField.swift */; };
		1F1DD2182A840E1E00A44925 /* CustomLoading.swift in Sources */ = {isa = PBXBuildFile; fileRef = 1F1DD2172A840E1E00A44925 /* CustomLoading.swift */; };
		1F3804CD2A59B57A00F70347 /* GoogleService-Info.plist in Resources */ = {isa = PBXBuildFile; fileRef = 1F3804CC2A59B57A00F70347 /* GoogleService-Info.plist */; };
		1F3804CF2A59B9C500F70347 /* AgentHomeView.swift in Sources */ = {isa = PBXBuildFile; fileRef = 1F3804CE2A59B9C500F70347 /* AgentHomeView.swift */; };
		1F3804D22A59B9FD00F70347 /* BuyerHomeView.swift in Sources */ = {isa = PBXBuildFile; fileRef = 1F3804D12A59B9FD00F70347 /* BuyerHomeView.swift */; };
		1F3804D42A59BA1200F70347 /* BackofficeHomeView.swift in Sources */ = {isa = PBXBuildFile; fileRef = 1F3804D32A59BA1200F70347 /* BackofficeHomeView.swift */; };
		1F3804D62A59BA2A00F70347 /* SellerHomeView.swift in Sources */ = {isa = PBXBuildFile; fileRef = 1F3804D52A59BA2A00F70347 /* SellerHomeView.swift */; };
		1F3804D82A59D12B00F70347 /* User.swift in Sources */ = {isa = PBXBuildFile; fileRef = 1F3804D72A59D12B00F70347 /* User.swift */; };
		1F3804DA2A59D14100F70347 /* Estate.swift in Sources */ = {isa = PBXBuildFile; fileRef = 1F3804D92A59D14100F70347 /* Estate.swift */; };
		1F3804DC2A59D15000F70347 /* Bid.swift in Sources */ = {isa = PBXBuildFile; fileRef = 1F3804DB2A59D15000F70347 /* Bid.swift */; };
		1F3804DE2A59D15F00F70347 /* Visit.swift in Sources */ = {isa = PBXBuildFile; fileRef = 1F3804DD2A59D15F00F70347 /* Visit.swift */; };
		1F3804E02A5A3ACB00F70347 /* UserType.swift in Sources */ = {isa = PBXBuildFile; fileRef = 1F3804DF2A5A3ACB00F70347 /* UserType.swift */; };
		1F3804E32A5A3D4400F70347 /* CustomInput.swift in Sources */ = {isa = PBXBuildFile; fileRef = 1F3804E22A5A3D4400F70347 /* CustomInput.swift */; };
		1F3804E52A5A411000F70347 /* EvaluationPicker.swift in Sources */ = {isa = PBXBuildFile; fileRef = 1F3804E42A5A411000F70347 /* EvaluationPicker.swift */; };
		1F3804E72A5A42EB00F70347 /* CustomPicker.swift in Sources */ = {isa = PBXBuildFile; fileRef = 1F3804E62A5A42EB00F70347 /* CustomPicker.swift */; };
		1F3804E92A5A459B00F70347 /* LocalizedEnum.swift in Sources */ = {isa = PBXBuildFile; fileRef = 1F3804E82A5A459B00F70347 /* LocalizedEnum.swift */; };
		1F3804ED2A5A4CF200F70347 /* CustomSection.swift in Sources */ = {isa = PBXBuildFile; fileRef = 1F3804EC2A5A4CF200F70347 /* CustomSection.swift */; };
		1F3A3DDC2A46F2C80088F25D /* ColorPalette.swift in Sources */ = {isa = PBXBuildFile; fileRef = 1F3A3DDB2A46F2C80088F25D /* ColorPalette.swift */; };
		1F3A3DE32A4718990088F25D /* Logo.swift in Sources */ = {isa = PBXBuildFile; fileRef = 1F3A3DE22A4718990088F25D /* Logo.swift */; };
		1F3A3DE52A4840EC0088F25D /* VisitReportView.swift in Sources */ = {isa = PBXBuildFile; fileRef = 1F3A3DE42A4840EC0088F25D /* VisitReportView.swift */; };
		1F3A3DE92A4854800088F25D /* CustomText.swift in Sources */ = {isa = PBXBuildFile; fileRef = 1F3A3DE82A4854800088F25D /* CustomText.swift */; };
		1F3A3DEF2A4860BA0088F25D /* Localizable.strings in Resources */ = {isa = PBXBuildFile; fileRef = 1F3A3DEE2A4860BA0088F25D /* Localizable.strings */; };
		1F552DAA2A879B8C0089349A /* Collection.swift in Sources */ = {isa = PBXBuildFile; fileRef = 1F552DA92A879B8C0089349A /* Collection.swift */; };
		1F552DAC2A8A334C0089349A /* Logger.swift in Sources */ = {isa = PBXBuildFile; fileRef = 1F552DAB2A8A334C0089349A /* Logger.swift */; };
		1F552DB02A8A5AE70089349A /* EstatesView.swift in Sources */ = {isa = PBXBuildFile; fileRef = 1F552DAF2A8A5AE70089349A /* EstatesView.swift */; };
		1F5FAF572A8A6445007DB2DC /* EstateView.swift in Sources */ = {isa = PBXBuildFile; fileRef = 1F5FAF562A8A6445007DB2DC /* EstateView.swift */; };
		1F5FAF592A8A659F007DB2DC /* Timestamp.swift in Sources */ = {isa = PBXBuildFile; fileRef = 1F5FAF582A8A659F007DB2DC /* Timestamp.swift */; };
		1F5FAF5B2A8A7168007DB2DC /* CustomLink.swift in Sources */ = {isa = PBXBuildFile; fileRef = 1F5FAF5A2A8A7168007DB2DC /* CustomLink.swift */; };
		1F5FAF5D2A8A738E007DB2DC /* SettingsManager.swift in Sources */ = {isa = PBXBuildFile; fileRef = 1F5FAF5C2A8A738E007DB2DC /* SettingsManager.swift */; };
		1F654BC029EB14AD002ED11C /* FirebaseAuth in Frameworks */ = {isa = PBXBuildFile; productRef = 1F654BBF29EB14AD002ED11C /* FirebaseAuth */; };
		1F654BC229EB14AD002ED11C /* FirebaseAuthCombine-Community in Frameworks */ = {isa = PBXBuildFile; productRef = 1F654BC129EB14AD002ED11C /* FirebaseAuthCombine-Community */; };
		1F654BC429EB14AD002ED11C /* FirebaseDatabase in Frameworks */ = {isa = PBXBuildFile; productRef = 1F654BC329EB14AD002ED11C /* FirebaseDatabase */; };
		1F654BC629EB14AD002ED11C /* FirebaseDatabaseSwift in Frameworks */ = {isa = PBXBuildFile; productRef = 1F654BC529EB14AD002ED11C /* FirebaseDatabaseSwift */; };
		1F654BC829EB14AD002ED11C /* FirebaseFirestore in Frameworks */ = {isa = PBXBuildFile; productRef = 1F654BC729EB14AD002ED11C /* FirebaseFirestore */; };
		1F654BCA29EB14AD002ED11C /* FirebaseFirestoreCombine-Community in Frameworks */ = {isa = PBXBuildFile; productRef = 1F654BC929EB14AD002ED11C /* FirebaseFirestoreCombine-Community */; };
		1F654BCC29EB14AD002ED11C /* FirebaseFirestoreSwift in Frameworks */ = {isa = PBXBuildFile; productRef = 1F654BCB29EB14AD002ED11C /* FirebaseFirestoreSwift */; };
		1F654BCE29EB14AD002ED11C /* FirebaseFunctions in Frameworks */ = {isa = PBXBuildFile; productRef = 1F654BCD29EB14AD002ED11C /* FirebaseFunctions */; };
		1F654BD029EB14AD002ED11C /* FirebaseFunctionsCombine-Community in Frameworks */ = {isa = PBXBuildFile; productRef = 1F654BCF29EB14AD002ED11C /* FirebaseFunctionsCombine-Community */; };
		1F654BD229EB14AD002ED11C /* FirebaseRemoteConfig in Frameworks */ = {isa = PBXBuildFile; productRef = 1F654BD129EB14AD002ED11C /* FirebaseRemoteConfig */; };
		1F654BD429EB14AD002ED11C /* FirebaseRemoteConfigSwift in Frameworks */ = {isa = PBXBuildFile; productRef = 1F654BD329EB14AD002ED11C /* FirebaseRemoteConfigSwift */; };
		1F654BD629EB14AD002ED11C /* FirebaseStorage in Frameworks */ = {isa = PBXBuildFile; productRef = 1F654BD529EB14AD002ED11C /* FirebaseStorage */; };
		1F654BD829EB14AD002ED11C /* FirebaseStorageCombine-Community in Frameworks */ = {isa = PBXBuildFile; productRef = 1F654BD729EB14AD002ED11C /* FirebaseStorageCombine-Community */; };
		1F654BDE29EB1CD6002ED11C /* VisitReport.swift in Sources */ = {isa = PBXBuildFile; fileRef = 1F654BDD29EB1CD6002ED11C /* VisitReport.swift */; };
		1F70C6EC2A8CDDC200ED785F /* CustomCalendar.swift in Sources */ = {isa = PBXBuildFile; fileRef = 1F70C6EB2A8CDDC200ED785F /* CustomCalendar.swift */; };
		1F7F33AB2A22A9FE0080DE09 /* MainView.swift in Sources */ = {isa = PBXBuildFile; fileRef = 1F7F33AA2A22A9FE0080DE09 /* MainView.swift */; };
		1F8AD73B2A3DD6990031B154 /* HomeView.swift in Sources */ = {isa = PBXBuildFile; fileRef = 1F8AD73A2A3DD6990031B154 /* HomeView.swift */; };
		1F9A97662A8A9E1000B64436 /* ScheduleVisitView.swift in Sources */ = {isa = PBXBuildFile; fileRef = 1F9A97652A8A9E1000B64436 /* ScheduleVisitView.swift */; };
		1F9A97682A8A9EB900B64436 /* CustomDatePicker.swift in Sources */ = {isa = PBXBuildFile; fileRef = 1F9A97672A8A9EB900B64436 /* CustomDatePicker.swift */; };
		1F9A976A2A8AA54E00B64436 /* VisitsCalendarViewModel.swift in Sources */ = {isa = PBXBuildFile; fileRef = 1F9A97692A8AA54E00B64436 /* VisitsCalendarViewModel.swift */; };
		1F9A976E2A8AA7A000B64436 /* CreateVisitCommand.swift in Sources */ = {isa = PBXBuildFile; fileRef = 1F9A976D2A8AA7A000B64436 /* CreateVisitCommand.swift */; };
		1F9A977C2A8ACE1300B64436 /* VisitsCalendarView.swift in Sources */ = {isa = PBXBuildFile; fileRef = 1F9A977B2A8ACE1300B64436 /* VisitsCalendarView.swift */; };
		1FA7F7A329D9D41E00886539 /* UrbanApp.swift in Sources */ = {isa = PBXBuildFile; fileRef = 1FA7F7A229D9D41E00886539 /* UrbanApp.swift */; };
		1FA7F7A529D9D41E00886539 /* VisitReportFormView.swift in Sources */ = {isa = PBXBuildFile; fileRef = 1FA7F7A429D9D41E00886539 /* VisitReportFormView.swift */; };
		1FA7F7A729D9D41F00886539 /* Assets.xcassets in Resources */ = {isa = PBXBuildFile; fileRef = 1FA7F7A629D9D41F00886539 /* Assets.xcassets */; };
		1FA7F7AA29D9D41F00886539 /* Preview Assets.xcassets in Resources */ = {isa = PBXBuildFile; fileRef = 1FA7F7A929D9D41F00886539 /* Preview Assets.xcassets */; };
		1FA7F7B129D9E2B400886539 /* Evaluation.swift in Sources */ = {isa = PBXBuildFile; fileRef = 1FA7F7B029D9E2B400886539 /* Evaluation.swift */; };
		1FA7F7B329D9E43B00886539 /* Decision.swift in Sources */ = {isa = PBXBuildFile; fileRef = 1FA7F7B229D9E43B00886539 /* Decision.swift */; };
		1FA7F7B729D9EDEF00886539 /* ColorExtension.swift in Sources */ = {isa = PBXBuildFile; fileRef = 1FA7F7B629D9EDEF00886539 /* ColorExtension.swift */; };
		1FED3F882A75539100F38DD9 /* AddUserView.swift in Sources */ = {isa = PBXBuildFile; fileRef = 1FED3F872A75539100F38DD9 /* AddUserView.swift */; };
		1FED3F8A2A75582300F38DD9 /* UserManager.swift in Sources */ = {isa = PBXBuildFile; fileRef = 1FED3F892A75582300F38DD9 /* UserManager.swift */; };
		1FED3F8F2A75632200F38DD9 /* CreateUserCommand.swift in Sources */ = {isa = PBXBuildFile; fileRef = 1FED3F8E2A75632200F38DD9 /* CreateUserCommand.swift */; };
		1FED3F992A757BEE00F38DD9 /* DeleteUserView.swift in Sources */ = {isa = PBXBuildFile; fileRef = 1FED3F982A757BEE00F38DD9 /* DeleteUserView.swift */; };
		1FED3F9E2A757F9F00F38DD9 /* GetUsersQuery.swift in Sources */ = {isa = PBXBuildFile; fileRef = 1FED3F9D2A757F9F00F38DD9 /* GetUsersQuery.swift */; };
		1FED3FA32A76886600F38DD9 /* CreateEstateView.swift in Sources */ = {isa = PBXBuildFile; fileRef = 1FED3FA22A76886600F38DD9 /* CreateEstateView.swift */; };
		1FED3FA72A7689C400F38DD9 /* CreateEstateCommand.swift in Sources */ = {isa = PBXBuildFile; fileRef = 1FED3FA62A7689C400F38DD9 /* CreateEstateCommand.swift */; };
		1FED3FA92A79BC6B00F38DD9 /* CustomSelectList.swift in Sources */ = {isa = PBXBuildFile; fileRef = 1FED3FA82A79BC6B00F38DD9 /* CustomSelectList.swift */; };
		1FED3FAB2A79BF4700F38DD9 /* CustomSelectListDetail.swift in Sources */ = {isa = PBXBuildFile; fileRef = 1FED3FAA2A79BF4700F38DD9 /* CustomSelectListDetail.swift */; };
		1FED3FAF2A7AC76C00F38DD9 /* CustomBackground.swift in Sources */ = {isa = PBXBuildFile; fileRef = 1FED3FAE2A7AC76C00F38DD9 /* CustomBackground.swift */; };
		1FED3FB12A7ACBEB00F38DD9 /* CustomForm.swift in Sources */ = {isa = PBXBuildFile; fileRef = 1FED3FB02A7ACBEB00F38DD9 /* CustomForm.swift */; };
		1FED3FB32A7ACF7E00F38DD9 /* CustomButton.swift in Sources */ = {isa = PBXBuildFile; fileRef = 1FED3FB22A7ACF7E00F38DD9 /* CustomButton.swift */; };
		1FFAD7FA2A113BF000F63B1C /* VisitReportsView.swift in Sources */ = {isa = PBXBuildFile; fileRef = 1FFAD7F92A113BF000F63B1C /* VisitReportsView.swift */; };
		1FFAD7FC2A113DF900F63B1C /* SignUpView.swift in Sources */ = {isa = PBXBuildFile; fileRef = 1FFAD7FB2A113DF900F63B1C /* SignUpView.swift */; };
		1FFAD7FE2A113E1100F63B1C /* SignInView.swift in Sources */ = {isa = PBXBuildFile; fileRef = 1FFAD7FD2A113E1100F63B1C /* SignInView.swift */; };
/* End PBXBuildFile section */

/* Begin PBXFileReference section */
		1F10A4C62A8D31FF00D7A007 /* VisitReportService.swift */ = {isa = PBXFileReference; lastKnownFileType = sourcecode.swift; path = VisitReportService.swift; sourceTree = "<group>"; };
		1F10A4C82A8D341A00D7A007 /* UserService.swift */ = {isa = PBXFileReference; lastKnownFileType = sourcecode.swift; path = UserService.swift; sourceTree = "<group>"; };
		1F10A4CA2A8D38E500D7A007 /* ScheduleVisitViewModel.swift */ = {isa = PBXFileReference; lastKnownFileType = sourcecode.swift; path = ScheduleVisitViewModel.swift; sourceTree = "<group>"; };
		1F10A4CC2A8D3E3200D7A007 /* CreateEstateViewModel.swift */ = {isa = PBXFileReference; lastKnownFileType = sourcecode.swift; path = CreateEstateViewModel.swift; sourceTree = "<group>"; };
		1F10A4CE2A8D3F4800D7A007 /* DeleteUserViewModel.swift */ = {isa = PBXFileReference; lastKnownFileType = sourcecode.swift; path = DeleteUserViewModel.swift; sourceTree = "<group>"; };
		1F10A4D02A8D4A0800D7A007 /* EstateService.swift */ = {isa = PBXFileReference; lastKnownFileType = sourcecode.swift; path = EstateService.swift; sourceTree = "<group>"; };
		1F10A4D22A8D4A1400D7A007 /* VisitService.swift */ = {isa = PBXFileReference; lastKnownFileType = sourcecode.swift; path = VisitService.swift; sourceTree = "<group>"; };
		1F10A4D42A8D4C0400D7A007 /* EstatesViewModel.swift */ = {isa = PBXFileReference; lastKnownFileType = sourcecode.swift; path = EstatesViewModel.swift; sourceTree = "<group>"; };
		1F10A4DB2A8D56AB00D7A007 /* VisitReportsViewModel.swift */ = {isa = PBXFileReference; lastKnownFileType = sourcecode.swift; path = VisitReportsViewModel.swift; sourceTree = "<group>"; };
		1F1DD2152A840B2900A44925 /* CustomSecureField.swift */ = {isa = PBXFileReference; lastKnownFileType = sourcecode.swift; path = CustomSecureField.swift; sourceTree = "<group>"; };
		1F1DD2172A840E1E00A44925 /* CustomLoading.swift */ = {isa = PBXFileReference; lastKnownFileType = sourcecode.swift; path = CustomLoading.swift; sourceTree = "<group>"; };
		1F3804CC2A59B57A00F70347 /* GoogleService-Info.plist */ = {isa = PBXFileReference; fileEncoding = 4; lastKnownFileType = text.plist.xml; path = "GoogleService-Info.plist"; sourceTree = "<group>"; };
		1F3804CE2A59B9C500F70347 /* AgentHomeView.swift */ = {isa = PBXFileReference; lastKnownFileType = sourcecode.swift; path = AgentHomeView.swift; sourceTree = "<group>"; };
		1F3804D12A59B9FD00F70347 /* BuyerHomeView.swift */ = {isa = PBXFileReference; lastKnownFileType = sourcecode.swift; path = BuyerHomeView.swift; sourceTree = "<group>"; };
		1F3804D32A59BA1200F70347 /* BackofficeHomeView.swift */ = {isa = PBXFileReference; lastKnownFileType = sourcecode.swift; path = BackofficeHomeView.swift; sourceTree = "<group>"; };
		1F3804D52A59BA2A00F70347 /* SellerHomeView.swift */ = {isa = PBXFileReference; lastKnownFileType = sourcecode.swift; path = SellerHomeView.swift; sourceTree = "<group>"; };
		1F3804D72A59D12B00F70347 /* User.swift */ = {isa = PBXFileReference; lastKnownFileType = sourcecode.swift; path = User.swift; sourceTree = "<group>"; };
		1F3804D92A59D14100F70347 /* Estate.swift */ = {isa = PBXFileReference; lastKnownFileType = sourcecode.swift; path = Estate.swift; sourceTree = "<group>"; };
		1F3804DB2A59D15000F70347 /* Bid.swift */ = {isa = PBXFileReference; lastKnownFileType = sourcecode.swift; path = Bid.swift; sourceTree = "<group>"; };
		1F3804DD2A59D15F00F70347 /* Visit.swift */ = {isa = PBXFileReference; lastKnownFileType = sourcecode.swift; path = Visit.swift; sourceTree = "<group>"; };
		1F3804DF2A5A3ACB00F70347 /* UserType.swift */ = {isa = PBXFileReference; lastKnownFileType = sourcecode.swift; path = UserType.swift; sourceTree = "<group>"; };
		1F3804E22A5A3D4400F70347 /* CustomInput.swift */ = {isa = PBXFileReference; lastKnownFileType = sourcecode.swift; path = CustomInput.swift; sourceTree = "<group>"; };
		1F3804E42A5A411000F70347 /* EvaluationPicker.swift */ = {isa = PBXFileReference; lastKnownFileType = sourcecode.swift; path = EvaluationPicker.swift; sourceTree = "<group>"; };
		1F3804E62A5A42EB00F70347 /* CustomPicker.swift */ = {isa = PBXFileReference; lastKnownFileType = sourcecode.swift; path = CustomPicker.swift; sourceTree = "<group>"; };
		1F3804E82A5A459B00F70347 /* LocalizedEnum.swift */ = {isa = PBXFileReference; lastKnownFileType = sourcecode.swift; path = LocalizedEnum.swift; sourceTree = "<group>"; };
		1F3804EC2A5A4CF200F70347 /* CustomSection.swift */ = {isa = PBXFileReference; lastKnownFileType = sourcecode.swift; path = CustomSection.swift; sourceTree = "<group>"; };
		1F3A3DDB2A46F2C80088F25D /* ColorPalette.swift */ = {isa = PBXFileReference; lastKnownFileType = sourcecode.swift; path = ColorPalette.swift; sourceTree = "<group>"; };
		1F3A3DE22A4718990088F25D /* Logo.swift */ = {isa = PBXFileReference; lastKnownFileType = sourcecode.swift; path = Logo.swift; sourceTree = "<group>"; };
		1F3A3DE42A4840EC0088F25D /* VisitReportView.swift */ = {isa = PBXFileReference; lastKnownFileType = sourcecode.swift; path = VisitReportView.swift; sourceTree = "<group>"; };
		1F3A3DE82A4854800088F25D /* CustomText.swift */ = {isa = PBXFileReference; lastKnownFileType = sourcecode.swift; path = CustomText.swift; sourceTree = "<group>"; };
		1F3A3DEE2A4860BA0088F25D /* Localizable.strings */ = {isa = PBXFileReference; lastKnownFileType = text.plist.strings; path = Localizable.strings; sourceTree = "<group>"; };
		1F552DA92A879B8C0089349A /* Collection.swift */ = {isa = PBXFileReference; lastKnownFileType = sourcecode.swift; path = Collection.swift; sourceTree = "<group>"; };
		1F552DAB2A8A334C0089349A /* Logger.swift */ = {isa = PBXFileReference; lastKnownFileType = sourcecode.swift; path = Logger.swift; sourceTree = "<group>"; };
		1F552DAF2A8A5AE70089349A /* EstatesView.swift */ = {isa = PBXFileReference; lastKnownFileType = sourcecode.swift; path = EstatesView.swift; sourceTree = "<group>"; };
		1F5FAF562A8A6445007DB2DC /* EstateView.swift */ = {isa = PBXFileReference; lastKnownFileType = sourcecode.swift; path = EstateView.swift; sourceTree = "<group>"; };
		1F5FAF582A8A659F007DB2DC /* Timestamp.swift */ = {isa = PBXFileReference; lastKnownFileType = sourcecode.swift; path = Timestamp.swift; sourceTree = "<group>"; };
		1F5FAF5A2A8A7168007DB2DC /* CustomLink.swift */ = {isa = PBXFileReference; lastKnownFileType = sourcecode.swift; path = CustomLink.swift; sourceTree = "<group>"; };
		1F5FAF5C2A8A738E007DB2DC /* SettingsManager.swift */ = {isa = PBXFileReference; lastKnownFileType = sourcecode.swift; path = SettingsManager.swift; sourceTree = "<group>"; };
		1F654BDD29EB1CD6002ED11C /* VisitReport.swift */ = {isa = PBXFileReference; lastKnownFileType = sourcecode.swift; path = VisitReport.swift; sourceTree = "<group>"; };
		1F70C6EB2A8CDDC200ED785F /* CustomCalendar.swift */ = {isa = PBXFileReference; lastKnownFileType = sourcecode.swift; path = CustomCalendar.swift; sourceTree = "<group>"; };
		1F7F33AA2A22A9FE0080DE09 /* MainView.swift */ = {isa = PBXFileReference; lastKnownFileType = sourcecode.swift; path = MainView.swift; sourceTree = "<group>"; };
		1F8AD73A2A3DD6990031B154 /* HomeView.swift */ = {isa = PBXFileReference; fileEncoding = 4; lastKnownFileType = sourcecode.swift; path = HomeView.swift; sourceTree = "<group>"; };
		1F9A97642A8A97F200B64436 /* Info.plist */ = {isa = PBXFileReference; lastKnownFileType = text.plist; path = Info.plist; sourceTree = "<group>"; };
		1F9A97652A8A9E1000B64436 /* ScheduleVisitView.swift */ = {isa = PBXFileReference; lastKnownFileType = sourcecode.swift; path = ScheduleVisitView.swift; sourceTree = "<group>"; };
		1F9A97672A8A9EB900B64436 /* CustomDatePicker.swift */ = {isa = PBXFileReference; lastKnownFileType = sourcecode.swift; path = CustomDatePicker.swift; sourceTree = "<group>"; };
		1F9A97692A8AA54E00B64436 /* VisitsCalendarViewModel.swift */ = {isa = PBXFileReference; lastKnownFileType = sourcecode.swift; path = VisitsCalendarViewModel.swift; sourceTree = "<group>"; };
		1F9A976D2A8AA7A000B64436 /* CreateVisitCommand.swift */ = {isa = PBXFileReference; lastKnownFileType = sourcecode.swift; path = CreateVisitCommand.swift; sourceTree = "<group>"; };
		1F9A977B2A8ACE1300B64436 /* VisitsCalendarView.swift */ = {isa = PBXFileReference; lastKnownFileType = sourcecode.swift; path = VisitsCalendarView.swift; sourceTree = "<group>"; };
		1FA7F79F29D9D41E00886539 /* AM Advisors.app */ = {isa = PBXFileReference; explicitFileType = wrapper.application; includeInIndex = 0; path = "AM Advisors.app"; sourceTree = BUILT_PRODUCTS_DIR; };
		1FA7F7A229D9D41E00886539 /* UrbanApp.swift */ = {isa = PBXFileReference; lastKnownFileType = sourcecode.swift; path = UrbanApp.swift; sourceTree = "<group>"; };
		1FA7F7A429D9D41E00886539 /* VisitReportFormView.swift */ = {isa = PBXFileReference; lastKnownFileType = sourcecode.swift; path = VisitReportFormView.swift; sourceTree = "<group>"; };
		1FA7F7A629D9D41F00886539 /* Assets.xcassets */ = {isa = PBXFileReference; lastKnownFileType = folder.assetcatalog; path = Assets.xcassets; sourceTree = "<group>"; };
		1FA7F7A929D9D41F00886539 /* Preview Assets.xcassets */ = {isa = PBXFileReference; lastKnownFileType = folder.assetcatalog; path = "Preview Assets.xcassets"; sourceTree = "<group>"; };
		1FA7F7B029D9E2B400886539 /* Evaluation.swift */ = {isa = PBXFileReference; lastKnownFileType = sourcecode.swift; path = Evaluation.swift; sourceTree = "<group>"; };
		1FA7F7B229D9E43B00886539 /* Decision.swift */ = {isa = PBXFileReference; lastKnownFileType = sourcecode.swift; path = Decision.swift; sourceTree = "<group>"; };
		1FA7F7B629D9EDEF00886539 /* ColorExtension.swift */ = {isa = PBXFileReference; lastKnownFileType = sourcecode.swift; path = ColorExtension.swift; sourceTree = "<group>"; };
		1FED3F872A75539100F38DD9 /* AddUserView.swift */ = {isa = PBXFileReference; lastKnownFileType = sourcecode.swift; path = AddUserView.swift; sourceTree = "<group>"; };
		1FED3F892A75582300F38DD9 /* UserManager.swift */ = {isa = PBXFileReference; lastKnownFileType = sourcecode.swift; path = UserManager.swift; sourceTree = "<group>"; };
		1FED3F8E2A75632200F38DD9 /* CreateUserCommand.swift */ = {isa = PBXFileReference; lastKnownFileType = sourcecode.swift; path = CreateUserCommand.swift; sourceTree = "<group>"; };
		1FED3F982A757BEE00F38DD9 /* DeleteUserView.swift */ = {isa = PBXFileReference; lastKnownFileType = sourcecode.swift; path = DeleteUserView.swift; sourceTree = "<group>"; };
		1FED3F9D2A757F9F00F38DD9 /* GetUsersQuery.swift */ = {isa = PBXFileReference; lastKnownFileType = sourcecode.swift; path = GetUsersQuery.swift; sourceTree = "<group>"; };
		1FED3FA22A76886600F38DD9 /* CreateEstateView.swift */ = {isa = PBXFileReference; lastKnownFileType = sourcecode.swift; path = CreateEstateView.swift; sourceTree = "<group>"; };
		1FED3FA62A7689C400F38DD9 /* CreateEstateCommand.swift */ = {isa = PBXFileReference; lastKnownFileType = sourcecode.swift; path = CreateEstateCommand.swift; sourceTree = "<group>"; };
		1FED3FA82A79BC6B00F38DD9 /* CustomSelectList.swift */ = {isa = PBXFileReference; lastKnownFileType = sourcecode.swift; path = CustomSelectList.swift; sourceTree = "<group>"; };
		1FED3FAA2A79BF4700F38DD9 /* CustomSelectListDetail.swift */ = {isa = PBXFileReference; lastKnownFileType = sourcecode.swift; path = CustomSelectListDetail.swift; sourceTree = "<group>"; };
		1FED3FAE2A7AC76C00F38DD9 /* CustomBackground.swift */ = {isa = PBXFileReference; lastKnownFileType = sourcecode.swift; path = CustomBackground.swift; sourceTree = "<group>"; };
		1FED3FB02A7ACBEB00F38DD9 /* CustomForm.swift */ = {isa = PBXFileReference; lastKnownFileType = sourcecode.swift; path = CustomForm.swift; sourceTree = "<group>"; };
		1FED3FB22A7ACF7E00F38DD9 /* CustomButton.swift */ = {isa = PBXFileReference; lastKnownFileType = sourcecode.swift; path = CustomButton.swift; sourceTree = "<group>"; };
		1FFAD7F92A113BF000F63B1C /* VisitReportsView.swift */ = {isa = PBXFileReference; lastKnownFileType = sourcecode.swift; path = VisitReportsView.swift; sourceTree = "<group>"; };
		1FFAD7FB2A113DF900F63B1C /* SignUpView.swift */ = {isa = PBXFileReference; lastKnownFileType = sourcecode.swift; path = SignUpView.swift; sourceTree = "<group>"; };
		1FFAD7FD2A113E1100F63B1C /* SignInView.swift */ = {isa = PBXFileReference; lastKnownFileType = sourcecode.swift; path = SignInView.swift; sourceTree = "<group>"; };
/* End PBXFileReference section */

/* Begin PBXFrameworksBuildPhase section */
		1FA7F79C29D9D41E00886539 /* Frameworks */ = {
			isa = PBXFrameworksBuildPhase;
			buildActionMask = 2147483647;
			files = (
				1F654BC629EB14AD002ED11C /* FirebaseDatabaseSwift in Frameworks */,
				1F654BC429EB14AD002ED11C /* FirebaseDatabase in Frameworks */,
				1F654BD029EB14AD002ED11C /* FirebaseFunctionsCombine-Community in Frameworks */,
				1F654BD829EB14AD002ED11C /* FirebaseStorageCombine-Community in Frameworks */,
				1F654BC029EB14AD002ED11C /* FirebaseAuth in Frameworks */,
				1F654BCE29EB14AD002ED11C /* FirebaseFunctions in Frameworks */,
				1F654BD629EB14AD002ED11C /* FirebaseStorage in Frameworks */,
				1F654BD429EB14AD002ED11C /* FirebaseRemoteConfigSwift in Frameworks */,
				1F654BCC29EB14AD002ED11C /* FirebaseFirestoreSwift in Frameworks */,
				1F654BCA29EB14AD002ED11C /* FirebaseFirestoreCombine-Community in Frameworks */,
				1F654BC829EB14AD002ED11C /* FirebaseFirestore in Frameworks */,
				1F654BC229EB14AD002ED11C /* FirebaseAuthCombine-Community in Frameworks */,
				1F654BD229EB14AD002ED11C /* FirebaseRemoteConfig in Frameworks */,
			);
			runOnlyForDeploymentPostprocessing = 0;
		};
/* End PBXFrameworksBuildPhase section */

/* Begin PBXGroup section */
		1F10A4C52A8D1CD100D7A007 /* Shared */ = {
			isa = PBXGroup;
			children = (
				1FA7F7A429D9D41E00886539 /* VisitReportFormView.swift */,
			);
			path = Shared;
			sourceTree = "<group>";
		};
		1F3804D02A59B9D100F70347 /* Home */ = {
			isa = PBXGroup;
			children = (
				1F10A4C52A8D1CD100D7A007 /* Shared */,
				1F9A97782A8ACD9600B64436 /* Buyer */,
				1F552DAE2A8A5A670089349A /* Agent */,
				1FED3FA12A75824A00F38DD9 /* Backoffice */,
				1F8AD73A2A3DD6990031B154 /* HomeView.swift */,
				1F3804D52A59BA2A00F70347 /* SellerHomeView.swift */,
			);
			path = Home;
			sourceTree = "<group>";
		};
		1F3804E12A5A3AD100F70347 /* Enums */ = {
			isa = PBXGroup;
			children = (
				1F3804DF2A5A3ACB00F70347 /* UserType.swift */,
				1FA7F7B229D9E43B00886539 /* Decision.swift */,
				1FA7F7B029D9E2B400886539 /* Evaluation.swift */,
			);
			path = Enums;
			sourceTree = "<group>";
		};
		1F3A3DDD2A46F45E0088F25D /* Extensions */ = {
			isa = PBXGroup;
			children = (
				1FA7F7B629D9EDEF00886539 /* ColorExtension.swift */,
				1F5FAF582A8A659F007DB2DC /* Timestamp.swift */,
			);
			path = Extensions;
			sourceTree = "<group>";
		};
		1F552DAD2A8A33550089349A /* Infrastructure */ = {
			isa = PBXGroup;
			children = (
				1F552DA92A879B8C0089349A /* Collection.swift */,
				1F3804E82A5A459B00F70347 /* LocalizedEnum.swift */,
				1F3A3DDD2A46F45E0088F25D /* Extensions */,
				1F3A3DDB2A46F2C80088F25D /* ColorPalette.swift */,
				1F552DAB2A8A334C0089349A /* Logger.swift */,
				1F5FAF5C2A8A738E007DB2DC /* SettingsManager.swift */,
			);
			path = Infrastructure;
			sourceTree = "<group>";
		};
		1F552DAE2A8A5A670089349A /* Agent */ = {
			isa = PBXGroup;
			children = (
				1F3804CE2A59B9C500F70347 /* AgentHomeView.swift */,
				1F552DAF2A8A5AE70089349A /* EstatesView.swift */,
				1F10A4D42A8D4C0400D7A007 /* EstatesViewModel.swift */,
				1F5FAF562A8A6445007DB2DC /* EstateView.swift */,
				1F9A97652A8A9E1000B64436 /* ScheduleVisitView.swift */,
				1F10A4CA2A8D38E500D7A007 /* ScheduleVisitViewModel.swift */,
			);
			path = Agent;
			sourceTree = "<group>";
		};
		1F654BDF29EB2633002ED11C /* Models */ = {
			isa = PBXGroup;
			children = (
				1F3804E12A5A3AD100F70347 /* Enums */,
				1F654BDD29EB1CD6002ED11C /* VisitReport.swift */,
				1F3804D72A59D12B00F70347 /* User.swift */,
				1F3804D92A59D14100F70347 /* Estate.swift */,
				1F3804DB2A59D15000F70347 /* Bid.swift */,
				1F3804DD2A59D15F00F70347 /* Visit.swift */,
			);
			path = Models;
			sourceTree = "<group>";
		};
		1F7F33AE2A237E920080DE09 /* Views */ = {
			isa = PBXGroup;
			children = (
				1F3804D02A59B9D100F70347 /* Home */,
				1FFAD7FD2A113E1100F63B1C /* SignInView.swift */,
				1F7F33AA2A22A9FE0080DE09 /* MainView.swift */,
				1FFAD7FB2A113DF900F63B1C /* SignUpView.swift */,
			);
			path = Views;
			sourceTree = "<group>";
		};
		1F7F33AF2A237EAB0080DE09 /* Components */ = {
			isa = PBXGroup;
			children = (
				1F3A3DE22A4718990088F25D /* Logo.swift */,
				1F3A3DE82A4854800088F25D /* CustomText.swift */,
				1F3804E22A5A3D4400F70347 /* CustomInput.swift */,
				1F3804E42A5A411000F70347 /* EvaluationPicker.swift */,
				1F3804E62A5A42EB00F70347 /* CustomPicker.swift */,
				1F3804EC2A5A4CF200F70347 /* CustomSection.swift */,
				1FED3FA82A79BC6B00F38DD9 /* CustomSelectList.swift */,
				1FED3FAA2A79BF4700F38DD9 /* CustomSelectListDetail.swift */,
				1FED3FAE2A7AC76C00F38DD9 /* CustomBackground.swift */,
				1FED3FB02A7ACBEB00F38DD9 /* CustomForm.swift */,
				1FED3FB22A7ACF7E00F38DD9 /* CustomButton.swift */,
				1F1DD2152A840B2900A44925 /* CustomSecureField.swift */,
				1F1DD2172A840E1E00A44925 /* CustomLoading.swift */,
				1F5FAF5A2A8A7168007DB2DC /* CustomLink.swift */,
				1F9A97672A8A9EB900B64436 /* CustomDatePicker.swift */,
				1F70C6EB2A8CDDC200ED785F /* CustomCalendar.swift */,
			);
			path = Components;
			sourceTree = "<group>";
		};
		1F7F33B72A2388E60080DE09 /* Services */ = {
			isa = PBXGroup;
			children = (
				1FED3F9A2A757F0900F38DD9 /* Queries */,
				1FED3F8B2A75624000F38DD9 /* Commands */,
				1FED3F892A75582300F38DD9 /* UserManager.swift */,
				1F10A4C62A8D31FF00D7A007 /* VisitReportService.swift */,
				1F10A4C82A8D341A00D7A007 /* UserService.swift */,
				1F10A4D02A8D4A0800D7A007 /* EstateService.swift */,
				1F10A4D22A8D4A1400D7A007 /* VisitService.swift */,
			);
			path = Services;
			sourceTree = "<group>";
		};
		1F9A97782A8ACD9600B64436 /* Buyer */ = {
			isa = PBXGroup;
			children = (
				1F3A3DE42A4840EC0088F25D /* VisitReportView.swift */,
				1FFAD7F92A113BF000F63B1C /* VisitReportsView.swift */,
				1F10A4DB2A8D56AB00D7A007 /* VisitReportsViewModel.swift */,
				1F3804D12A59B9FD00F70347 /* BuyerHomeView.swift */,
				1F9A977B2A8ACE1300B64436 /* VisitsCalendarView.swift */,
				1F9A97692A8AA54E00B64436 /* VisitsCalendarViewModel.swift */,
			);
			path = Buyer;
			sourceTree = "<group>";
		};
		1FA7F79629D9D41E00886539 = {
			isa = PBXGroup;
			children = (
				1FA7F7A129D9D41E00886539 /* Urban */,
				1FA7F7A029D9D41E00886539 /* Products */,
			);
			sourceTree = "<group>";
		};
		1FA7F7A029D9D41E00886539 /* Products */ = {
			isa = PBXGroup;
			children = (
				1FA7F79F29D9D41E00886539 /* AM Advisors.app */,
			);
			name = Products;
			sourceTree = "<group>";
		};
		1FA7F7A129D9D41E00886539 /* Urban */ = {
			isa = PBXGroup;
			children = (
				1F9A97642A8A97F200B64436 /* Info.plist */,
				1F552DAD2A8A33550089349A /* Infrastructure */,
				1F7F33B72A2388E60080DE09 /* Services */,
				1F3804CC2A59B57A00F70347 /* GoogleService-Info.plist */,
				1F7F33AF2A237EAB0080DE09 /* Components */,
				1F7F33AE2A237E920080DE09 /* Views */,
				1F654BDF29EB2633002ED11C /* Models */,
				1FA7F7A229D9D41E00886539 /* UrbanApp.swift */,
				1FA7F7A629D9D41F00886539 /* Assets.xcassets */,
				1FA7F7A829D9D41F00886539 /* Preview Content */,
				1F3A3DEE2A4860BA0088F25D /* Localizable.strings */,
			);
			path = Urban;
			sourceTree = "<group>";
		};
		1FA7F7A829D9D41F00886539 /* Preview Content */ = {
			isa = PBXGroup;
			children = (
				1FA7F7A929D9D41F00886539 /* Preview Assets.xcassets */,
			);
			path = "Preview Content";
			sourceTree = "<group>";
		};
		1FED3F8B2A75624000F38DD9 /* Commands */ = {
			isa = PBXGroup;
			children = (
				1FED3F8E2A75632200F38DD9 /* CreateUserCommand.swift */,
				1FED3FA62A7689C400F38DD9 /* CreateEstateCommand.swift */,
				1F9A976D2A8AA7A000B64436 /* CreateVisitCommand.swift */,
			);
			path = Commands;
			sourceTree = "<group>";
		};
		1FED3F9A2A757F0900F38DD9 /* Queries */ = {
			isa = PBXGroup;
			children = (
				1FED3F9D2A757F9F00F38DD9 /* GetUsersQuery.swift */,
			);
			path = Queries;
			sourceTree = "<group>";
		};
		1FED3FA12A75824A00F38DD9 /* Backoffice */ = {
			isa = PBXGroup;
			children = (
				1FED3F872A75539100F38DD9 /* AddUserView.swift */,
				1FED3F982A757BEE00F38DD9 /* DeleteUserView.swift */,
				1F10A4CE2A8D3F4800D7A007 /* DeleteUserViewModel.swift */,
				1F3804D32A59BA1200F70347 /* BackofficeHomeView.swift */,
				1FED3FA22A76886600F38DD9 /* CreateEstateView.swift */,
				1F10A4CC2A8D3E3200D7A007 /* CreateEstateViewModel.swift */,
			);
			path = Backoffice;
			sourceTree = "<group>";
		};
/* End PBXGroup section */

/* Begin PBXNativeTarget section */
		1FA7F79E29D9D41E00886539 /* Urban */ = {
			isa = PBXNativeTarget;
			buildConfigurationList = 1FA7F7AD29D9D41F00886539 /* Build configuration list for PBXNativeTarget "Urban" */;
			buildPhases = (
				1FA7F79B29D9D41E00886539 /* Sources */,
				1FA7F79C29D9D41E00886539 /* Frameworks */,
				1FA7F79D29D9D41E00886539 /* Resources */,
			);
			buildRules = (
			);
			dependencies = (
			);
			name = Urban;
			packageProductDependencies = (
				1F654BBF29EB14AD002ED11C /* FirebaseAuth */,
				1F654BC129EB14AD002ED11C /* FirebaseAuthCombine-Community */,
				1F654BC329EB14AD002ED11C /* FirebaseDatabase */,
				1F654BC529EB14AD002ED11C /* FirebaseDatabaseSwift */,
				1F654BC729EB14AD002ED11C /* FirebaseFirestore */,
				1F654BC929EB14AD002ED11C /* FirebaseFirestoreCombine-Community */,
				1F654BCB29EB14AD002ED11C /* FirebaseFirestoreSwift */,
				1F654BCD29EB14AD002ED11C /* FirebaseFunctions */,
				1F654BCF29EB14AD002ED11C /* FirebaseFunctionsCombine-Community */,
				1F654BD129EB14AD002ED11C /* FirebaseRemoteConfig */,
				1F654BD329EB14AD002ED11C /* FirebaseRemoteConfigSwift */,
				1F654BD529EB14AD002ED11C /* FirebaseStorage */,
				1F654BD729EB14AD002ED11C /* FirebaseStorageCombine-Community */,
			);
			productName = Urban;
			productReference = 1FA7F79F29D9D41E00886539 /* AM Advisors.app */;
			productType = "com.apple.product-type.application";
		};
/* End PBXNativeTarget section */

/* Begin PBXProject section */
		1FA7F79729D9D41E00886539 /* Project object */ = {
			isa = PBXProject;
			attributes = {
				BuildIndependentTargetsInParallel = 1;
				LastSwiftUpdateCheck = 1420;
				LastUpgradeCheck = 1420;
				TargetAttributes = {
					1FA7F79E29D9D41E00886539 = {
						CreatedOnToolsVersion = 14.2;
					};
				};
			};
			buildConfigurationList = 1FA7F79A29D9D41E00886539 /* Build configuration list for PBXProject "Urban" */;
			compatibilityVersion = "Xcode 14.0";
			developmentRegion = en;
			hasScannedForEncodings = 0;
			knownRegions = (
				en,
				Base,
			);
			mainGroup = 1FA7F79629D9D41E00886539;
			packageReferences = (
				1F654BBE29EB14AD002ED11C /* XCRemoteSwiftPackageReference "firebase-ios-sdk" */,
				1F70C6ED2A8CE25500ED785F /* XCRemoteSwiftPackageReference "ElegantCalendar" */,
			);
			productRefGroup = 1FA7F7A029D9D41E00886539 /* Products */;
			projectDirPath = "";
			projectRoot = "";
			targets = (
				1FA7F79E29D9D41E00886539 /* Urban */,
			);
		};
/* End PBXProject section */

/* Begin PBXResourcesBuildPhase section */
		1FA7F79D29D9D41E00886539 /* Resources */ = {
			isa = PBXResourcesBuildPhase;
			buildActionMask = 2147483647;
			files = (
				1FA7F7AA29D9D41F00886539 /* Preview Assets.xcassets in Resources */,
				1F3804CD2A59B57A00F70347 /* GoogleService-Info.plist in Resources */,
				1F3A3DEF2A4860BA0088F25D /* Localizable.strings in Resources */,
				1FA7F7A729D9D41F00886539 /* Assets.xcassets in Resources */,
			);
			runOnlyForDeploymentPostprocessing = 0;
		};
/* End PBXResourcesBuildPhase section */

/* Begin PBXSourcesBuildPhase section */
		1FA7F79B29D9D41E00886539 /* Sources */ = {
			isa = PBXSourcesBuildPhase;
			buildActionMask = 2147483647;
			files = (
				1F552DB02A8A5AE70089349A /* EstatesView.swift in Sources */,
				1F10A4CD2A8D3E3200D7A007 /* CreateEstateViewModel.swift in Sources */,
				1F1DD2182A840E1E00A44925 /* CustomLoading.swift in Sources */,
				1FED3F8F2A75632200F38DD9 /* CreateUserCommand.swift in Sources */,
				1F552DAA2A879B8C0089349A /* Collection.swift in Sources */,
				1F10A4CB2A8D38E500D7A007 /* ScheduleVisitViewModel.swift in Sources */,
				1F3A3DDC2A46F2C80088F25D /* ColorPalette.swift in Sources */,
				1FA7F7B129D9E2B400886539 /* Evaluation.swift in Sources */,
				1F10A4D52A8D4C0400D7A007 /* EstatesViewModel.swift in Sources */,
				1F654BDE29EB1CD6002ED11C /* VisitReport.swift in Sources */,
				1F5FAF5B2A8A7168007DB2DC /* CustomLink.swift in Sources */,
				1F552DAC2A8A334C0089349A /* Logger.swift in Sources */,
				1F3804D62A59BA2A00F70347 /* SellerHomeView.swift in Sources */,
				1FA7F7A529D9D41E00886539 /* VisitReportFormView.swift in Sources */,
				1F10A4DC2A8D56AB00D7A007 /* VisitReportsViewModel.swift in Sources */,
				1F1DD2162A840B2900A44925 /* CustomSecureField.swift in Sources */,
				1F3804E32A5A3D4400F70347 /* CustomInput.swift in Sources */,
				1FFAD7FA2A113BF000F63B1C /* VisitReportsView.swift in Sources */,
				1F3A3DE32A4718990088F25D /* Logo.swift in Sources */,
				1F3804E92A5A459B00F70347 /* LocalizedEnum.swift in Sources */,
				1F5FAF5D2A8A738E007DB2DC /* SettingsManager.swift in Sources */,
				1FED3F992A757BEE00F38DD9 /* DeleteUserView.swift in Sources */,
				1FFAD7FE2A113E1100F63B1C /* SignInView.swift in Sources */,
				1F3804D82A59D12B00F70347 /* User.swift in Sources */,
				1F10A4D12A8D4A0800D7A007 /* EstateService.swift in Sources */,
				1F8AD73B2A3DD6990031B154 /* HomeView.swift in Sources */,
				1F9A976E2A8AA7A000B64436 /* CreateVisitCommand.swift in Sources */,
				1F9A97682A8A9EB900B64436 /* CustomDatePicker.swift in Sources */,
				1F10A4C92A8D341A00D7A007 /* UserService.swift in Sources */,
				1F3A3DE92A4854800088F25D /* CustomText.swift in Sources */,
				1FED3F882A75539100F38DD9 /* AddUserView.swift in Sources */,
				1F3804DE2A59D15F00F70347 /* Visit.swift in Sources */,
				1F9A97662A8A9E1000B64436 /* ScheduleVisitView.swift in Sources */,
				1F3804E72A5A42EB00F70347 /* CustomPicker.swift in Sources */,
				1F3804DA2A59D14100F70347 /* Estate.swift in Sources */,
				1F3804CF2A59B9C500F70347 /* AgentHomeView.swift in Sources */,
				1F3804E02A5A3ACB00F70347 /* UserType.swift in Sources */,
				1F7F33AB2A22A9FE0080DE09 /* MainView.swift in Sources */,
				1F5FAF592A8A659F007DB2DC /* Timestamp.swift in Sources */,
				1F3A3DE52A4840EC0088F25D /* VisitReportView.swift in Sources */,
				1FED3FB12A7ACBEB00F38DD9 /* CustomForm.swift in Sources */,
				1FA7F7B729D9EDEF00886539 /* ColorExtension.swift in Sources */,
				1F3804D22A59B9FD00F70347 /* BuyerHomeView.swift in Sources */,
				1FED3F9E2A757F9F00F38DD9 /* GetUsersQuery.swift in Sources */,
				1F9A976A2A8AA54E00B64436 /* VisitsCalendarViewModel.swift in Sources */,
				1F3804E52A5A411000F70347 /* EvaluationPicker.swift in Sources */,
				1F70C6EC2A8CDDC200ED785F /* CustomCalendar.swift in Sources */,
				1F3804DC2A59D15000F70347 /* Bid.swift in Sources */,
				1FED3FA72A7689C400F38DD9 /* CreateEstateCommand.swift in Sources */,
				1FED3FA92A79BC6B00F38DD9 /* CustomSelectList.swift in Sources */,
				1F10A4D32A8D4A1400D7A007 /* VisitService.swift in Sources */,
				1F10A4CF2A8D3F4800D7A007 /* DeleteUserViewModel.swift in Sources */,
				1F3804D42A59BA1200F70347 /* BackofficeHomeView.swift in Sources */,
				1F3804ED2A5A4CF200F70347 /* CustomSection.swift in Sources */,
				1FED3F8A2A75582300F38DD9 /* UserManager.swift in Sources */,
				1FFAD7FC2A113DF900F63B1C /* SignUpView.swift in Sources */,
				1F10A4C72A8D31FF00D7A007 /* VisitReportService.swift in Sources */,
				1FED3FA32A76886600F38DD9 /* CreateEstateView.swift in Sources */,
				1FA7F7A329D9D41E00886539 /* UrbanApp.swift in Sources */,
				1FED3FB32A7ACF7E00F38DD9 /* CustomButton.swift in Sources */,
				1F5FAF572A8A6445007DB2DC /* EstateView.swift in Sources */,
				1F9A977C2A8ACE1300B64436 /* VisitsCalendarView.swift in Sources */,
				1FED3FAB2A79BF4700F38DD9 /* CustomSelectListDetail.swift in Sources */,
				1FED3FAF2A7AC76C00F38DD9 /* CustomBackground.swift in Sources */,
				1FA7F7B329D9E43B00886539 /* Decision.swift in Sources */,
			);
			runOnlyForDeploymentPostprocessing = 0;
		};
/* End PBXSourcesBuildPhase section */

/* Begin XCBuildConfiguration section */
		1FA7F7AB29D9D41F00886539 /* Debug */ = {
			isa = XCBuildConfiguration;
			buildSettings = {
				ALWAYS_SEARCH_USER_PATHS = NO;
				CLANG_ANALYZER_NONNULL = YES;
				CLANG_ANALYZER_NUMBER_OBJECT_CONVERSION = YES_AGGRESSIVE;
				CLANG_CXX_LANGUAGE_STANDARD = "gnu++20";
				CLANG_ENABLE_MODULES = YES;
				CLANG_ENABLE_OBJC_ARC = YES;
				CLANG_ENABLE_OBJC_WEAK = YES;
				CLANG_WARN_BLOCK_CAPTURE_AUTORELEASING = YES;
				CLANG_WARN_BOOL_CONVERSION = YES;
				CLANG_WARN_COMMA = YES;
				CLANG_WARN_CONSTANT_CONVERSION = YES;
				CLANG_WARN_DEPRECATED_OBJC_IMPLEMENTATIONS = YES;
				CLANG_WARN_DIRECT_OBJC_ISA_USAGE = YES_ERROR;
				CLANG_WARN_DOCUMENTATION_COMMENTS = YES;
				CLANG_WARN_EMPTY_BODY = YES;
				CLANG_WARN_ENUM_CONVERSION = YES;
				CLANG_WARN_INFINITE_RECURSION = YES;
				CLANG_WARN_INT_CONVERSION = YES;
				CLANG_WARN_NON_LITERAL_NULL_CONVERSION = YES;
				CLANG_WARN_OBJC_IMPLICIT_RETAIN_SELF = YES;
				CLANG_WARN_OBJC_LITERAL_CONVERSION = YES;
				CLANG_WARN_OBJC_ROOT_CLASS = YES_ERROR;
				CLANG_WARN_QUOTED_INCLUDE_IN_FRAMEWORK_HEADER = YES;
				CLANG_WARN_RANGE_LOOP_ANALYSIS = YES;
				CLANG_WARN_STRICT_PROTOTYPES = YES;
				CLANG_WARN_SUSPICIOUS_MOVE = YES;
				CLANG_WARN_UNGUARDED_AVAILABILITY = YES_AGGRESSIVE;
				CLANG_WARN_UNREACHABLE_CODE = YES;
				CLANG_WARN__DUPLICATE_METHOD_MATCH = YES;
				COPY_PHASE_STRIP = NO;
				DEBUG_INFORMATION_FORMAT = dwarf;
				ENABLE_STRICT_OBJC_MSGSEND = YES;
				ENABLE_TESTABILITY = YES;
				GCC_C_LANGUAGE_STANDARD = gnu11;
				GCC_DYNAMIC_NO_PIC = NO;
				GCC_NO_COMMON_BLOCKS = YES;
				GCC_OPTIMIZATION_LEVEL = 0;
				GCC_PREPROCESSOR_DEFINITIONS = (
					"DEBUG=1",
					"$(inherited)",
				);
				GCC_WARN_64_TO_32_BIT_CONVERSION = YES;
				GCC_WARN_ABOUT_RETURN_TYPE = YES_ERROR;
				GCC_WARN_UNDECLARED_SELECTOR = YES;
				GCC_WARN_UNINITIALIZED_AUTOS = YES_AGGRESSIVE;
				GCC_WARN_UNUSED_FUNCTION = YES;
				GCC_WARN_UNUSED_VARIABLE = YES;
				IPHONEOS_DEPLOYMENT_TARGET = 16.2;
				MTL_ENABLE_DEBUG_INFO = INCLUDE_SOURCE;
				MTL_FAST_MATH = YES;
				ONLY_ACTIVE_ARCH = YES;
				SDKROOT = iphoneos;
				SWIFT_ACTIVE_COMPILATION_CONDITIONS = DEBUG;
				SWIFT_OPTIMIZATION_LEVEL = "-Onone";
			};
			name = Debug;
		};
		1FA7F7AC29D9D41F00886539 /* Release */ = {
			isa = XCBuildConfiguration;
			buildSettings = {
				ALWAYS_SEARCH_USER_PATHS = NO;
				CLANG_ANALYZER_NONNULL = YES;
				CLANG_ANALYZER_NUMBER_OBJECT_CONVERSION = YES_AGGRESSIVE;
				CLANG_CXX_LANGUAGE_STANDARD = "gnu++20";
				CLANG_ENABLE_MODULES = YES;
				CLANG_ENABLE_OBJC_ARC = YES;
				CLANG_ENABLE_OBJC_WEAK = YES;
				CLANG_WARN_BLOCK_CAPTURE_AUTORELEASING = YES;
				CLANG_WARN_BOOL_CONVERSION = YES;
				CLANG_WARN_COMMA = YES;
				CLANG_WARN_CONSTANT_CONVERSION = YES;
				CLANG_WARN_DEPRECATED_OBJC_IMPLEMENTATIONS = YES;
				CLANG_WARN_DIRECT_OBJC_ISA_USAGE = YES_ERROR;
				CLANG_WARN_DOCUMENTATION_COMMENTS = YES;
				CLANG_WARN_EMPTY_BODY = YES;
				CLANG_WARN_ENUM_CONVERSION = YES;
				CLANG_WARN_INFINITE_RECURSION = YES;
				CLANG_WARN_INT_CONVERSION = YES;
				CLANG_WARN_NON_LITERAL_NULL_CONVERSION = YES;
				CLANG_WARN_OBJC_IMPLICIT_RETAIN_SELF = YES;
				CLANG_WARN_OBJC_LITERAL_CONVERSION = YES;
				CLANG_WARN_OBJC_ROOT_CLASS = YES_ERROR;
				CLANG_WARN_QUOTED_INCLUDE_IN_FRAMEWORK_HEADER = YES;
				CLANG_WARN_RANGE_LOOP_ANALYSIS = YES;
				CLANG_WARN_STRICT_PROTOTYPES = YES;
				CLANG_WARN_SUSPICIOUS_MOVE = YES;
				CLANG_WARN_UNGUARDED_AVAILABILITY = YES_AGGRESSIVE;
				CLANG_WARN_UNREACHABLE_CODE = YES;
				CLANG_WARN__DUPLICATE_METHOD_MATCH = YES;
				COPY_PHASE_STRIP = NO;
				DEBUG_INFORMATION_FORMAT = "dwarf-with-dsym";
				ENABLE_NS_ASSERTIONS = NO;
				ENABLE_STRICT_OBJC_MSGSEND = YES;
				GCC_C_LANGUAGE_STANDARD = gnu11;
				GCC_NO_COMMON_BLOCKS = YES;
				GCC_WARN_64_TO_32_BIT_CONVERSION = YES;
				GCC_WARN_ABOUT_RETURN_TYPE = YES_ERROR;
				GCC_WARN_UNDECLARED_SELECTOR = YES;
				GCC_WARN_UNINITIALIZED_AUTOS = YES_AGGRESSIVE;
				GCC_WARN_UNUSED_FUNCTION = YES;
				GCC_WARN_UNUSED_VARIABLE = YES;
				IPHONEOS_DEPLOYMENT_TARGET = 16.2;
				MTL_ENABLE_DEBUG_INFO = NO;
				MTL_FAST_MATH = YES;
				SDKROOT = iphoneos;
				SWIFT_COMPILATION_MODE = wholemodule;
				SWIFT_OPTIMIZATION_LEVEL = "-O";
				VALIDATE_PRODUCT = YES;
			};
			name = Release;
		};
		1FA7F7AE29D9D41F00886539 /* Debug */ = {
			isa = XCBuildConfiguration;
			buildSettings = {
				ASSETCATALOG_COMPILER_APPICON_NAME = AppIcon;
				ASSETCATALOG_COMPILER_GLOBAL_ACCENT_COLOR_NAME = AccentColor;
				CODE_SIGN_STYLE = Automatic;
				CURRENT_PROJECT_VERSION = 1;
				DEVELOPMENT_ASSET_PATHS = "\"Urban/Preview Content\"";
				DEVELOPMENT_TEAM = NL9BA4ZVSA;
				ENABLE_PREVIEWS = YES;
				GENERATE_INFOPLIST_FILE = YES;
				INFOPLIST_FILE = Urban/Info.plist;
				INFOPLIST_KEY_UIApplicationSceneManifest_Generation = YES;
				INFOPLIST_KEY_UIApplicationSupportsIndirectInputEvents = YES;
				INFOPLIST_KEY_UILaunchScreen_Generation = YES;
				INFOPLIST_KEY_UISupportedInterfaceOrientations_iPad = "UIInterfaceOrientationPortrait UIInterfaceOrientationPortraitUpsideDown UIInterfaceOrientationLandscapeLeft UIInterfaceOrientationLandscapeRight";
				INFOPLIST_KEY_UISupportedInterfaceOrientations_iPhone = "UIInterfaceOrientationPortrait UIInterfaceOrientationLandscapeLeft UIInterfaceOrientationLandscapeRight";
				LD_RUNPATH_SEARCH_PATHS = (
					"$(inherited)",
					"@executable_path/Frameworks",
				);
				MARKETING_VERSION = 1.0;
				PRODUCT_BUNDLE_IDENTIFIER = ricardoreais.Urban;
				PRODUCT_NAME = "AM Advisors";
				SWIFT_EMIT_LOC_STRINGS = YES;
				SWIFT_VERSION = 5.0;
				TARGETED_DEVICE_FAMILY = "1,2";
			};
			name = Debug;
		};
		1FA7F7AF29D9D41F00886539 /* Release */ = {
			isa = XCBuildConfiguration;
			buildSettings = {
				ASSETCATALOG_COMPILER_APPICON_NAME = AppIcon;
				ASSETCATALOG_COMPILER_GLOBAL_ACCENT_COLOR_NAME = AccentColor;
				CODE_SIGN_STYLE = Automatic;
				CURRENT_PROJECT_VERSION = 1;
				DEVELOPMENT_ASSET_PATHS = "\"Urban/Preview Content\"";
				DEVELOPMENT_TEAM = NL9BA4ZVSA;
				ENABLE_PREVIEWS = YES;
				GENERATE_INFOPLIST_FILE = YES;
				INFOPLIST_FILE = Urban/Info.plist;
				INFOPLIST_KEY_UIApplicationSceneManifest_Generation = YES;
				INFOPLIST_KEY_UIApplicationSupportsIndirectInputEvents = YES;
				INFOPLIST_KEY_UILaunchScreen_Generation = YES;
				INFOPLIST_KEY_UISupportedInterfaceOrientations_iPad = "UIInterfaceOrientationPortrait UIInterfaceOrientationPortraitUpsideDown UIInterfaceOrientationLandscapeLeft UIInterfaceOrientationLandscapeRight";
				INFOPLIST_KEY_UISupportedInterfaceOrientations_iPhone = "UIInterfaceOrientationPortrait UIInterfaceOrientationLandscapeLeft UIInterfaceOrientationLandscapeRight";
				LD_RUNPATH_SEARCH_PATHS = (
					"$(inherited)",
					"@executable_path/Frameworks",
				);
				MARKETING_VERSION = 1.0;
				PRODUCT_BUNDLE_IDENTIFIER = ricardoreais.Urban;
				PRODUCT_NAME = "AM Advisors";
				SWIFT_EMIT_LOC_STRINGS = YES;
				SWIFT_VERSION = 5.0;
				TARGETED_DEVICE_FAMILY = "1,2";
			};
			name = Release;
		};
/* End XCBuildConfiguration section */

/* Begin XCConfigurationList section */
		1FA7F79A29D9D41E00886539 /* Build configuration list for PBXProject "Urban" */ = {
			isa = XCConfigurationList;
			buildConfigurations = (
				1FA7F7AB29D9D41F00886539 /* Debug */,
				1FA7F7AC29D9D41F00886539 /* Release */,
			);
			defaultConfigurationIsVisible = 0;
			defaultConfigurationName = Release;
		};
		1FA7F7AD29D9D41F00886539 /* Build configuration list for PBXNativeTarget "Urban" */ = {
			isa = XCConfigurationList;
			buildConfigurations = (
				1FA7F7AE29D9D41F00886539 /* Debug */,
				1FA7F7AF29D9D41F00886539 /* Release */,
			);
			defaultConfigurationIsVisible = 0;
			defaultConfigurationName = Release;
		};
/* End XCConfigurationList section */

/* Begin XCRemoteSwiftPackageReference section */
		1F654BBE29EB14AD002ED11C /* XCRemoteSwiftPackageReference "firebase-ios-sdk" */ = {
			isa = XCRemoteSwiftPackageReference;
			repositoryURL = "https://github.com/firebase/firebase-ios-sdk";
			requirement = {
				kind = upToNextMajorVersion;
				minimumVersion = 9.0.0;
			};
		};
		1F70C6ED2A8CE25500ED785F /* XCRemoteSwiftPackageReference "ElegantCalendar" */ = {
			isa = XCRemoteSwiftPackageReference;
			repositoryURL = "https://github.com/ThasianX/ElegantCalendar";
			requirement = {
				kind = upToNextMajorVersion;
				minimumVersion = 4.0.0;
			};
		};
/* End XCRemoteSwiftPackageReference section */

/* Begin XCSwiftPackageProductDependency section */
		1F654BBF29EB14AD002ED11C /* FirebaseAuth */ = {
			isa = XCSwiftPackageProductDependency;
			package = 1F654BBE29EB14AD002ED11C /* XCRemoteSwiftPackageReference "firebase-ios-sdk" */;
			productName = FirebaseAuth;
		};
		1F654BC129EB14AD002ED11C /* FirebaseAuthCombine-Community */ = {
			isa = XCSwiftPackageProductDependency;
			package = 1F654BBE29EB14AD002ED11C /* XCRemoteSwiftPackageReference "firebase-ios-sdk" */;
			productName = "FirebaseAuthCombine-Community";
		};
		1F654BC329EB14AD002ED11C /* FirebaseDatabase */ = {
			isa = XCSwiftPackageProductDependency;
			package = 1F654BBE29EB14AD002ED11C /* XCRemoteSwiftPackageReference "firebase-ios-sdk" */;
			productName = FirebaseDatabase;
		};
		1F654BC529EB14AD002ED11C /* FirebaseDatabaseSwift */ = {
			isa = XCSwiftPackageProductDependency;
			package = 1F654BBE29EB14AD002ED11C /* XCRemoteSwiftPackageReference "firebase-ios-sdk" */;
			productName = FirebaseDatabaseSwift;
		};
		1F654BC729EB14AD002ED11C /* FirebaseFirestore */ = {
			isa = XCSwiftPackageProductDependency;
			package = 1F654BBE29EB14AD002ED11C /* XCRemoteSwiftPackageReference "firebase-ios-sdk" */;
			productName = FirebaseFirestore;
		};
		1F654BC929EB14AD002ED11C /* FirebaseFirestoreCombine-Community */ = {
			isa = XCSwiftPackageProductDependency;
			package = 1F654BBE29EB14AD002ED11C /* XCRemoteSwiftPackageReference "firebase-ios-sdk" */;
			productName = "FirebaseFirestoreCombine-Community";
		};
		1F654BCB29EB14AD002ED11C /* FirebaseFirestoreSwift */ = {
			isa = XCSwiftPackageProductDependency;
			package = 1F654BBE29EB14AD002ED11C /* XCRemoteSwiftPackageReference "firebase-ios-sdk" */;
			productName = FirebaseFirestoreSwift;
		};
		1F654BCD29EB14AD002ED11C /* FirebaseFunctions */ = {
			isa = XCSwiftPackageProductDependency;
			package = 1F654BBE29EB14AD002ED11C /* XCRemoteSwiftPackageReference "firebase-ios-sdk" */;
			productName = FirebaseFunctions;
		};
		1F654BCF29EB14AD002ED11C /* FirebaseFunctionsCombine-Community */ = {
			isa = XCSwiftPackageProductDependency;
			package = 1F654BBE29EB14AD002ED11C /* XCRemoteSwiftPackageReference "firebase-ios-sdk" */;
			productName = "FirebaseFunctionsCombine-Community";
		};
		1F654BD129EB14AD002ED11C /* FirebaseRemoteConfig */ = {
			isa = XCSwiftPackageProductDependency;
			package = 1F654BBE29EB14AD002ED11C /* XCRemoteSwiftPackageReference "firebase-ios-sdk" */;
			productName = FirebaseRemoteConfig;
		};
		1F654BD329EB14AD002ED11C /* FirebaseRemoteConfigSwift */ = {
			isa = XCSwiftPackageProductDependency;
			package = 1F654BBE29EB14AD002ED11C /* XCRemoteSwiftPackageReference "firebase-ios-sdk" */;
			productName = FirebaseRemoteConfigSwift;
		};
		1F654BD529EB14AD002ED11C /* FirebaseStorage */ = {
			isa = XCSwiftPackageProductDependency;
			package = 1F654BBE29EB14AD002ED11C /* XCRemoteSwiftPackageReference "firebase-ios-sdk" */;
			productName = FirebaseStorage;
		};
		1F654BD729EB14AD002ED11C /* FirebaseStorageCombine-Community */ = {
			isa = XCSwiftPackageProductDependency;
			package = 1F654BBE29EB14AD002ED11C /* XCRemoteSwiftPackageReference "firebase-ios-sdk" */;
			productName = "FirebaseStorageCombine-Community";
		};
/* End XCSwiftPackageProductDependency section */
	};
	rootObject = 1FA7F79729D9D41E00886539 /* Project object */;
}
